[root]
name = "webml"
version = "0.1.0"
dependencies = [
 "nom 2.0.1 (registry+https://github.com/rust-lang/crates.io-index)",
]

[[package]]
name = "nom"
version = "2.0.1"
source = "registry+https://github.com/rust-lang/crates.io-index"

[metadata]
"checksum nom 2.0.1 (registry+https://github.com/rust-lang/crates.io-index)" = "ffc564b2727f758993db55d4ffed0d84bbd7f387a66509516768c8f786bb0b10"
